
Microsoft Visual Studio Solution File, Format Version 12.00
# Visual Studio 15
VisualStudioVersion = 15.0.28010.2003
MinimumVisualStudioVersion = 10.0.40219.1
Project("{FAE04EC0-301F-11D3-BF4B-00C04F79EFBC}") = "Session7AlbumsMVC", "Session7AlbumsMVC\Session7AlbumsMVC.csproj", "{6F2B9376-C0DF-4935-886E-99CC5DDDF34F}"
EndProject
Global
	GlobalSection(SolutionConfigurationPlatforms) = preSolution
		Debug|Any CPU = Debug|Any CPU
		Release|Any CPU = Release|Any CPU
	EndGlobalSection
	GlobalSection(ProjectConfigurationPlatforms) = postSolution
		{6F2B9376-C0DF-4935-886E-99CC5DDDF34F}.Debug|Any CPU.ActiveCfg = Debug|Any CPU
		{6F2B9376-C0DF-4935-886E-99CC5DDDF34F}.Debug|Any CPU.Build.0 = Debug|Any CPU
		{6F2B9376-C0DF-4935-886E-99CC5DDDF34F}.Release|Any CPU.ActiveCfg = Release|Any CPU
		{6F2B9376-C0DF-4935-886E-99CC5DDDF34F}.Release|Any CPU.Build.0 = Release|Any CPU
	EndGlobalSection
	GlobalSection(SolutionProperties) = preSolution
		HideSolutionNode = FALSE
	EndGlobalSection
	GlobalSection(ExtensibilityGlobals) = postSolution
		SolutionGuid = {5D6E491A-E518-4403-A8F8-1F8DA3FAAFF0}
	EndGlobalSection
EndGlobal
